// !$*UTF8*$!
{
	archiveVersion = 1;
	classes = {
	};
	objectVersion = 56;
	objects = {

/* Begin PBXBuildFile section */
		A001 /* SwayApp.swift in Sources */ = {isa = PBXBuildFile; fileRef = B001; };
		A002 /* AppDelegate.swift in Sources */ = {isa = PBXBuildFile; fileRef = B002; };
		A003 /* ContentView.swift in Sources */ = {isa = PBXBuildFile; fileRef = B003; };
		A004 /* TrackpadMonitor.swift in Sources */ = {isa = PBXBuildFile; fileRef = B004; };
		A005 /* VolumeController.swift in Sources */ = {isa = PBXBuildFile; fileRef = B005; };
		A006 /* BrightnessController.swift in Sources */ = {isa = PBXBuildFile; fileRef = B006; };
		A007 /* TrackpadSettings.swift in Sources */ = {isa = PBXBuildFile; fileRef = B007; };
		A008 /* MultitouchBridge.c in Sources */ = {isa = PBXBuildFile; fileRef = B010; };
		A009 /* OSDOverlay.swift in Sources */ = {isa = PBXBuildFile; fileRef = B013; };
		A010 /* LoginItemManager.swift in Sources */ = {isa = PBXBuildFile; fileRef = B014; };
		A011 /* UpdateChecker.swift in Sources */ = {isa = PBXBuildFile; fileRef = B015; };
		A012 /* HotkeyManager.swift in Sources */ = {isa = PBXBuildFile; fileRef = B016; };
		A013 /* ExcludedAppsManager.swift in Sources */ = {isa = PBXBuildFile; fileRef = B017; };
		A014 /* PalmRejectionManager.swift in Sources */ = {isa = PBXBuildFile; fileRef = B018; };
		A015 /* HapticFeedback.swift in Sources */ = {isa = PBXBuildFile; fileRef = B019; };
		A016 /* AppPresentation.swift in Sources */ = {isa = PBXBuildFile; fileRef = B021; };
		A017 /* InAppUpdater.swift in Sources */ = {isa = PBXBuildFile; fileRef = B022; };
		A018 /* Sparkle in Frameworks */ = {isa = PBXBuildFile; productRef = SP002; };
		A020 /* Assets.xcassets in Resources */ = {isa = PBXBuildFile; fileRef = B020; };
/* End PBXBuildFile section */

/* Begin PBXFileReference section */
		B000 /* Sway.app */ = {isa = PBXFileReference; explicitFileType = wrapper.application; includeInIndex = 0; path = Sway.app; sourceTree = BUILT_PRODUCTS_DIR; };
		B001 /* SwayApp.swift */ = {isa = PBXFileReference; lastKnownFileType = sourcecode.swift; path = SwayApp.swift; sourceTree = "<group>"; };
		B002 /* AppDelegate.swift */ = {isa = PBXFileReference; lastKnownFileType = sourcecode.swift; path = AppDelegate.swift; sourceTree = "<group>"; };
		B003 /* ContentView.swift */ = {isa = PBXFileReference; lastKnownFileType = sourcecode.swift; path = ContentView.swift; sourceTree = "<group>"; };
		B004 /* TrackpadMonitor.swift */ = {isa = PBXFileReference; lastKnownFileType = sourcecode.swift; path = TrackpadMonitor.swift; sourceTree = "<group>"; };
		B005 /* VolumeController.swift */ = {isa = PBXFileReference; lastKnownFileType = sourcecode.swift; path = VolumeController.swift; sourceTree = "<group>"; };
		B006 /* BrightnessController.swift */ = {isa = PBXFileReference; lastKnownFileType = sourcecode.swift; path = BrightnessController.swift; sourceTree = "<group>"; };
		B007 /* TrackpadSettings.swift */ = {isa = PBXFileReference; lastKnownFileType = sourcecode.swift; path = TrackpadSettings.swift; sourceTree = "<group>"; };
		B008 /* Info.plist */ = {isa = PBXFileReference; lastKnownFileType = text.plist.xml; path = Info.plist; sourceTree = "<group>"; };
		B009 /* Sway.entitlements */ = {isa = PBXFileReference; lastKnownFileType = text.plist.entitlements; path = Sway.entitlements; sourceTree = "<group>"; };
		B010 /* MultitouchBridge.c */ = {isa = PBXFileReference; lastKnownFileType = sourcecode.c.c; path = MultitouchBridge.c; sourceTree = "<group>"; };
		B011 /* MultitouchBridge.h */ = {isa = PBXFileReference; lastKnownFileType = sourcecode.c.h; path = MultitouchBridge.h; sourceTree = "<group>"; };
		B012 /* Sway-Bridging-Header.h */ = {isa = PBXFileReference; lastKnownFileType = sourcecode.c.h; path = "Sway-Bridging-Header.h"; sourceTree = "<group>"; };
		B013 /* OSDOverlay.swift */ = {isa = PBXFileReference; lastKnownFileType = sourcecode.swift; path = OSDOverlay.swift; sourceTree = "<group>"; };
		B014 /* LoginItemManager.swift */ = {isa = PBXFileReference; lastKnownFileType = sourcecode.swift; path = LoginItemManager.swift; sourceTree = "<group>"; };
		B015 /* UpdateChecker.swift */ = {isa = PBXFileReference; lastKnownFileType = sourcecode.swift; path = UpdateChecker.swift; sourceTree = "<group>"; };
		B016 /* HotkeyManager.swift */ = {isa = PBXFileReference; lastKnownFileType = sourcecode.swift; path = HotkeyManager.swift; sourceTree = "<group>"; };
		B017 /* ExcludedAppsManager.swift */ = {isa = PBXFileReference; lastKnownFileType = sourcecode.swift; path = ExcludedAppsManager.swift; sourceTree = "<group>"; };
		B018 /* PalmRejectionManager.swift */ = {isa = PBXFileReference; lastKnownFileType = sourcecode.swift; path = PalmRejectionManager.swift; sourceTree = "<group>"; };
		B019 /* HapticFeedback.swift */ = {isa = PBXFileReference; lastKnownFileType = sourcecode.swift; path = HapticFeedback.swift; sourceTree = "<group>"; };
		B020 /* Assets.xcassets */ = {isa = PBXFileReference; lastKnownFileType = folder.assetcatalog; path = Assets.xcassets; sourceTree = "<group>"; };
		B021 /* AppPresentation.swift */ = {isa = PBXFileReference; lastKnownFileType = sourcecode.swift; path = AppPresentation.swift; sourceTree = "<group>"; };
		B022 /* InAppUpdater.swift */ = {isa = PBXFileReference; lastKnownFileType = sourcecode.swift; path = InAppUpdater.swift; sourceTree = "<group>"; };
/* End PBXFileReference section */

/* Begin PBXFrameworksBuildPhase section */
		C001 /* Frameworks */ = {
			isa = PBXFrameworksBuildPhase;
			buildActionMask = 2147483647;
			files = (A018);
			runOnlyForDeploymentPostprocessing = 0;
		};
/* End PBXFrameworksBuildPhase section */

/* Begin PBXGroup section */
		D000 = {
			isa = PBXGroup;
			children = (D001, D002);
			sourceTree = "<group>";
		};
		D001 /* Sway */ = {
			isa = PBXGroup;
			children = (
				B001, B002, B003, B004, B005, B006, B007,
				B010, B011, B012,
				B013, B014, B015, B016, B017, B018, B019,
				B020, B021, B022,
				B008, B009,
			);
			path = Sway;
			sourceTree = "<group>";
		};
		D002 /* Products */ = {
			isa = PBXGroup;
			children = (B000);
			name = Products;
			sourceTree = "<group>";
		};
/* End PBXGroup section */

/* Begin PBXNativeTarget section */
		E000 /* Sway */ = {
			isa = PBXNativeTarget;
			buildConfigurationList = F002;
			buildPhases = (E001, C001, E002);
			buildRules = ();
			dependencies = ();
			name = Sway;
			packageProductDependencies = (SP002);
			productName = Sway;
			productReference = B000;
			productType = "com.apple.product-type.application";
		};
/* End PBXNativeTarget section */

/* Begin PBXProject section */
		E100 = {
			isa = PBXProject;
			attributes = {
				BuildIndependentTargetsInParallel = 1;
				LastSwiftUpdateCheck = 1500;
				LastUpgradeCheck = 1500;
				TargetAttributes = { E000 = { CreatedOnToolsVersion = 15.0; }; };
			};
			buildConfigurationList = F001;
			compatibilityVersion = "Xcode 14.0";
			developmentRegion = en;
			hasScannedForEncodings = 0;
			knownRegions = (en, Base);
			mainGroup = D000;
			productRefGroup = D002;
			projectDirPath = "";
			projectRoot = "";
			packageReferences = (SP001);
			targets = (E000);
		};
/* End PBXProject section */

/* Begin PBXResourcesBuildPhase section */
		E002 = {
			isa = PBXResourcesBuildPhase;
			buildActionMask = 2147483647;
			files = (A020);
			runOnlyForDeploymentPostprocessing = 0;
		};
/* End PBXResourcesBuildPhase section */

/* Begin PBXSourcesBuildPhase section */
		E001 = {
			isa = PBXSourcesBuildPhase;
			buildActionMask = 2147483647;
			files = (A001, A002, A003, A004, A005, A006, A007, A008, A009, A010, A011, A012, A013, A014, A015, A016, A017);
			runOnlyForDeploymentPostprocessing = 0;
		};
/* End PBXSourcesBuildPhase section */

/* Begin XCRemoteSwiftPackageReference section */
		SP001 = {
			isa = XCRemoteSwiftPackageReference;
			repositoryURL = "https://github.com/sparkle-project/Sparkle";
			requirement = { kind = exactVersion; version = 2.10.0; };
		};
/* End XCRemoteSwiftPackageReference section */

/* Begin XCSwiftPackageProductDependency section */
		SP002 = { isa = XCSwiftPackageProductDependency; package = SP001; productName = Sparkle; };
/* End XCSwiftPackageProductDependency section */

/* Begin XCBuildConfiguration section */
		F010 /* Debug */ = {
			isa = XCBuildConfiguration;
			buildSettings = {
				ALWAYS_SEARCH_USER_PATHS = NO;
				CLANG_ENABLE_MODULES = YES;
				CLANG_ENABLE_OBJC_ARC = YES;
				MACOSX_DEPLOYMENT_TARGET = 13.0;
				MTL_FAST_MATH = YES;
				ONLY_ACTIVE_ARCH = YES;
				SDKROOT = macosx;
				SWIFT_OPTIMIZATION_LEVEL = "-Onone";
				SWIFT_ACTIVE_COMPILATION_CONDITIONS = "DEBUG $(inherited)";
				GCC_OPTIMIZATION_LEVEL = 0;
			};
			name = Debug;
		};
		F011 /* Release */ = {
			isa = XCBuildConfiguration;
			buildSettings = {
				ALWAYS_SEARCH_USER_PATHS = NO;
				CLANG_ENABLE_MODULES = YES;
				CLANG_ENABLE_OBJC_ARC = YES;
				MACOSX_DEPLOYMENT_TARGET = 13.0;
				MTL_FAST_MATH = YES;
				SDKROOT = macosx;
				SWIFT_COMPILATION_MODE = wholemodule;
			};
			name = Release;
		};
		F020 /* Debug */ = {
			isa = XCBuildConfiguration;
			buildSettings = {
				ASSETCATALOG_COMPILER_APPICON_NAME = AppIcon;
				ARCHS = "$(ARCHS_STANDARD)";
				ONLY_ACTIVE_ARCH = NO;
				CODE_SIGN_ENTITLEMENTS = Sway/Sway.entitlements;
				CODE_SIGN_STYLE = Automatic;
				COMBINE_HIDPI_IMAGES = YES;
				CURRENT_PROJECT_VERSION = 15;
				DEVELOPMENT_TEAM = "";
				ENABLE_HARDENED_RUNTIME = YES;
				INFOPLIST_FILE = Sway/Info.plist;
				LD_RUNPATH_SEARCH_PATHS = ("$(inherited)", "@executable_path/../Frameworks");
				MARKETING_VERSION = 1.0.14;
				PRODUCT_BUNDLE_IDENTIFIER = com.trackpadcontrol.app;
				PRODUCT_NAME = "$(TARGET_NAME)";
				SWIFT_OBJC_BRIDGING_HEADER = "Sway/Sway-Bridging-Header.h";
				SWIFT_VERSION = 5.0;
				OTHER_LDFLAGS = ("-framework", "IOKit", "-framework", "CoreAudio");
			};
			name = Debug;
		};
		F021 /* Release */ = {
			isa = XCBuildConfiguration;
			buildSettings = {
				ASSETCATALOG_COMPILER_APPICON_NAME = AppIcon;
				ARCHS = "$(ARCHS_STANDARD)";
				ONLY_ACTIVE_ARCH = NO;
				CODE_SIGN_ENTITLEMENTS = Sway/Sway.entitlements;
				CODE_SIGN_STYLE = Automatic;
				COMBINE_HIDPI_IMAGES = YES;
				CURRENT_PROJECT_VERSION = 15;
				DEVELOPMENT_TEAM = "";
				ENABLE_HARDENED_RUNTIME = YES;
				INFOPLIST_FILE = Sway/Info.plist;
				LD_RUNPATH_SEARCH_PATHS = ("$(inherited)", "@executable_path/../Frameworks");
				MARKETING_VERSION = 1.0.14;
				PRODUCT_BUNDLE_IDENTIFIER = com.trackpadcontrol.app;
				PRODUCT_NAME = "$(TARGET_NAME)";
				SWIFT_OBJC_BRIDGING_HEADER = "Sway/Sway-Bridging-Header.h";
				SWIFT_VERSION = 5.0;
				OTHER_LDFLAGS = ("-framework", "IOKit", "-framework", "CoreAudio");
			};
			name = Release;
		};
/* End XCBuildConfiguration section */

/* Begin XCConfigurationList section */
		F001 = {
			isa = XCConfigurationList;
			buildConfigurations = (F010, F011);
			defaultConfigurationIsVisible = 0;
			defaultConfigurationName = Release;
		};
		F002 = {
			isa = XCConfigurationList;
			buildConfigurations = (F020, F021);
			defaultConfigurationIsVisible = 0;
			defaultConfigurationName = Release;
		};
/* End XCConfigurationList section */

	};
	rootObject = E100;
}
